
Microsoft Visual Studio Solution File, Format Version 12.00
# Visual Studio 15
Project("{FAE04EC0-301F-11D3-BF4B-00C04F79EFBC}") = "Assembly-CSharp", "Assembly-CSharp.csproj", "{B2C71068-C67C-6F90-C7E4-54FFC38CB3E7}"
EndProject
Project("{FAE04EC0-301F-11D3-BF4B-00C04F79EFBC}") = "Assembly-CSharp-Editor", "Assembly-CSharp-Editor.csproj", "{8855AC75-96D3-B567-7E36-1251BD02D1C8}"
EndProject
Global
	GlobalSection(SolutionConfigurationPlatforms) = preSolution
		Debug|Any CPU = Debug|Any CPU
		Release|Any CPU = Release|Any CPU
	EndGlobalSection
	GlobalSection(ProjectConfigurationPlatforms) = postSolution
		{B2C71068-C67C-6F90-C7E4-54FFC38CB3E7}.Debug|Any CPU.ActiveCfg = Debug|Any CPU
		{B2C71068-C67C-6F90-C7E4-54FFC38CB3E7}.Debug|Any CPU.Build.0 = Debug|Any CPU
		{B2C71068-C67C-6F90-C7E4-54FFC38CB3E7}.Release|Any CPU.ActiveCfg = Release|Any CPU
		{B2C71068-C67C-6F90-C7E4-54FFC38CB3E7}.Release|Any CPU.Build.0 = Release|Any CPU
		{8855AC75-96D3-B567-7E36-1251BD02D1C8}.Debug|Any CPU.ActiveCfg = Debug|Any CPU
		{8855AC75-96D3-B567-7E36-1251BD02D1C8}.Debug|Any CPU.Build.0 = Debug|Any CPU
		{8855AC75-96D3-B567-7E36-1251BD02D1C8}.Release|Any CPU.ActiveCfg = Release|Any CPU
		{8855AC75-96D3-B567-7E36-1251BD02D1C8}.Release|Any CPU.Build.0 = Release|Any CPU
	EndGlobalSection
	GlobalSection(SolutionProperties) = preSolution
		HideSolutionNode = FALSE
	EndGlobalSection
EndGlobal
